
Microsoft Visual Studio Solution File, Format Version 12.00
# Visual Studio Version 17
VisualStudioVersion = 17.3.32819.101
MinimumVisualStudioVersion = 10.0.40219.1
Project("{FAE04EC0-301F-11D3-BF4B-00C04F79EFBC}") = "Lab2", "Lab2\Lab2.csproj", "{FB8C74A5-812B-4D6E-B6D2-1CC71643D2D3}"
EndProject
Global
	GlobalSection(SolutionConfigurationPlatforms) = preSolution
		Debug|Any CPU = Debug|Any CPU
		Release|Any CPU = Release|Any CPU
	EndGlobalSection
	GlobalSection(ProjectConfigurationPlatforms) = postSolution
		{FB8C74A5-812B-4D6E-B6D2-1CC71643D2D3}.Debug|Any CPU.ActiveCfg = Debug|Any CPU
		{FB8C74A5-812B-4D6E-B6D2-1CC71643D2D3}.Debug|Any CPU.Build.0 = Debug|Any CPU
		{FB8C74A5-812B-4D6E-B6D2-1CC71643D2D3}.Release|Any CPU.ActiveCfg = Release|Any CPU
		{FB8C74A5-812B-4D6E-B6D2-1CC71643D2D3}.Release|Any CPU.Build.0 = Release|Any CPU
	EndGlobalSection
	GlobalSection(SolutionProperties) = preSolution
		HideSolutionNode = FALSE
	EndGlobalSection
	GlobalSection(ExtensibilityGlobals) = postSolution
		SolutionGuid = {21FA231E-4E2C-43AB-837A-45867056829A}
	EndGlobalSection
EndGlobal
