
Microsoft Visual Studio Solution File, Format Version 12.00
# Visual Studio Version 17
VisualStudioVersion = 17.3.32819.101
MinimumVisualStudioVersion = 10.0.40219.1
Project("{FAE04EC0-301F-11D3-BF4B-00C04F79EFBC}") = "Lab3", "Lab3\Lab3.csproj", "{84E187C8-CBBD-4A51-9A33-4E4071B2FDA1}"
EndProject
Global
	GlobalSection(SolutionConfigurationPlatforms) = preSolution
		Debug|Any CPU = Debug|Any CPU
		Release|Any CPU = Release|Any CPU
	EndGlobalSection
	GlobalSection(ProjectConfigurationPlatforms) = postSolution
		{84E187C8-CBBD-4A51-9A33-4E4071B2FDA1}.Debug|Any CPU.ActiveCfg = Debug|Any CPU
		{84E187C8-CBBD-4A51-9A33-4E4071B2FDA1}.Debug|Any CPU.Build.0 = Debug|Any CPU
		{84E187C8-CBBD-4A51-9A33-4E4071B2FDA1}.Release|Any CPU.ActiveCfg = Release|Any CPU
		{84E187C8-CBBD-4A51-9A33-4E4071B2FDA1}.Release|Any CPU.Build.0 = Release|Any CPU
	EndGlobalSection
	GlobalSection(SolutionProperties) = preSolution
		HideSolutionNode = FALSE
	EndGlobalSection
	GlobalSection(ExtensibilityGlobals) = postSolution
		SolutionGuid = {86ECED7B-09BF-4FE7-BE87-600C1EB428DE}
	EndGlobalSection
EndGlobal
