
Microsoft Visual Studio Solution File, Format Version 12.00
# Visual Studio Version 17
VisualStudioVersion = 17.3.32819.101
MinimumVisualStudioVersion = 10.0.40219.1
Project("{FAE04EC0-301F-11D3-BF4B-00C04F79EFBC}") = "Lab6", "Lab6\Lab6.csproj", "{52A66037-BFD1-4C6C-A306-48211889E206}"
EndProject
Global
	GlobalSection(SolutionConfigurationPlatforms) = preSolution
		Debug|Any CPU = Debug|Any CPU
		Release|Any CPU = Release|Any CPU
	EndGlobalSection
	GlobalSection(ProjectConfigurationPlatforms) = postSolution
		{52A66037-BFD1-4C6C-A306-48211889E206}.Debug|Any CPU.ActiveCfg = Debug|Any CPU
		{52A66037-BFD1-4C6C-A306-48211889E206}.Debug|Any CPU.Build.0 = Debug|Any CPU
		{52A66037-BFD1-4C6C-A306-48211889E206}.Release|Any CPU.ActiveCfg = Release|Any CPU
		{52A66037-BFD1-4C6C-A306-48211889E206}.Release|Any CPU.Build.0 = Release|Any CPU
	EndGlobalSection
	GlobalSection(SolutionProperties) = preSolution
		HideSolutionNode = FALSE
	EndGlobalSection
	GlobalSection(ExtensibilityGlobals) = postSolution
		SolutionGuid = {26FD5A5C-FCEA-47E4-AA6D-4F8DF31CE929}
	EndGlobalSection
EndGlobal
